// !$*UTF8*$!
{
	archiveVersion = 1;
	classes = {
	};
	objectVersion = 56;
	objects = {

/* Begin PBXBuildFile section */
		030891982A9BE7CF00B09F85 /* Constants.swift in Sources */ = {isa = PBXBuildFile; fileRef = 030891972A9BE7CF00B09F85 /* Constants.swift */; };
		03F9C0372A913437001C28BD /* AppDelegate.swift in Sources */ = {isa = PBXBuildFile; fileRef = 03F9C0362A913437001C28BD /* AppDelegate.swift */; };
		03F9C0392A913437001C28BD /* SceneDelegate.swift in Sources */ = {isa = PBXBuildFile; fileRef = 03F9C0382A913437001C28BD /* SceneDelegate.swift */; };
		03F9C03B2A913437001C28BD /* ViewController.swift in Sources */ = {isa = PBXBuildFile; fileRef = 03F9C03A2A913437001C28BD /* ViewController.swift */; };
		03F9C03E2A913437001C28BD /* Main.storyboard in Resources */ = {isa = PBXBuildFile; fileRef = 03F9C03C2A913437001C28BD /* Main.storyboard */; };
		03F9C0412A913437001C28BD /* Book_n_Groove.xcdatamodeld in Sources */ = {isa = PBXBuildFile; fileRef = 03F9C03F2A913437001C28BD /* Book_n_Groove.xcdatamodeld */; };
		03F9C0432A913438001C28BD /* Assets.xcassets in Resources */ = {isa = PBXBuildFile; fileRef = 03F9C0422A913438001C28BD /* Assets.xcassets */; };
		03F9C0462A913438001C28BD /* LaunchScreen.storyboard in Resources */ = {isa = PBXBuildFile; fileRef = 03F9C0442A913438001C28BD /* LaunchScreen.storyboard */; };
		5D02A7EA89DEA9F6C93717BA /* Pods_Book_n_Groove.framework in Frameworks */ = {isa = PBXBuildFile; fileRef = ED957E255D2AB95F80102DA0 /* Pods_Book_n_Groove.framework */; };
/* End PBXBuildFile section */

/* Begin PBXFileReference section */
		0004965CAD4B4390D3476C32 /* Pods-Book'n'Groove.debug.xcconfig */ = {isa = PBXFileReference; includeInIndex = 1; lastKnownFileType = text.xcconfig; name = "Pods-Book'n'Groove.debug.xcconfig"; path = "Target Support Files/Pods-Book'n'Groove/Pods-Book'n'Groove.debug.xcconfig"; sourceTree = "<group>"; };
		030891972A9BE7CF00B09F85 /* Constants.swift */ = {isa = PBXFileReference; lastKnownFileType = sourcecode.swift; path = Constants.swift; sourceTree = "<group>"; };
		03F9C0332A913437001C28BD /* Book'n'Groove.app */ = {isa = PBXFileReference; explicitFileType = wrapper.application; includeInIndex = 0; path = "Book'n'Groove.app"; sourceTree = BUILT_PRODUCTS_DIR; };
		03F9C0362A913437001C28BD /* AppDelegate.swift */ = {isa = PBXFileReference; lastKnownFileType = sourcecode.swift; path = AppDelegate.swift; sourceTree = "<group>"; };
		03F9C0382A913437001C28BD /* SceneDelegate.swift */ = {isa = PBXFileReference; lastKnownFileType = sourcecode.swift; path = SceneDelegate.swift; sourceTree = "<group>"; };
		03F9C03A2A913437001C28BD /* ViewController.swift */ = {isa = PBXFileReference; lastKnownFileType = sourcecode.swift; path = ViewController.swift; sourceTree = "<group>"; };
		03F9C03D2A913437001C28BD /* Base */ = {isa = PBXFileReference; lastKnownFileType = file.storyboard; name = Base; path = Base.lproj/Main.storyboard; sourceTree = "<group>"; };
		03F9C0402A913437001C28BD /* Book_n_Groove.xcdatamodel */ = {isa = PBXFileReference; lastKnownFileType = wrapper.xcdatamodel; path = Book_n_Groove.xcdatamodel; sourceTree = "<group>"; };
		03F9C0422A913438001C28BD /* Assets.xcassets */ = {isa = PBXFileReference; lastKnownFileType = folder.assetcatalog; path = Assets.xcassets; sourceTree = "<group>"; };
		03F9C0452A913438001C28BD /* Base */ = {isa = PBXFileReference; lastKnownFileType = file.storyboard; name = Base; path = Base.lproj/LaunchScreen.storyboard; sourceTree = "<group>"; };
		03F9C0472A913438001C28BD /* Info.plist */ = {isa = PBXFileReference; lastKnownFileType = text.plist.xml; path = Info.plist; sourceTree = "<group>"; };
		D7424017E98FCC522DBA6816 /* Pods-Book'n'Groove.release.xcconfig */ = {isa = PBXFileReference; includeInIndex = 1; lastKnownFileType = text.xcconfig; name = "Pods-Book'n'Groove.release.xcconfig"; path = "Target Support Files/Pods-Book'n'Groove/Pods-Book'n'Groove.release.xcconfig"; sourceTree = "<group>"; };
		ED957E255D2AB95F80102DA0 /* Pods_Book_n_Groove.framework */ = {isa = PBXFileReference; explicitFileType = wrapper.framework; includeInIndex = 0; path = Pods_Book_n_Groove.framework; sourceTree = BUILT_PRODUCTS_DIR; };
/* End PBXFileReference section */

/* Begin PBXFrameworksBuildPhase section */
		03F9C0302A913437001C28BD /* Frameworks */ = {
			isa = PBXFrameworksBuildPhase;
			buildActionMask = 2147483647;
			files = (
				5D02A7EA89DEA9F6C93717BA /* Pods_Book_n_Groove.framework in Frameworks */,
			);
			runOnlyForDeploymentPostprocessing = 0;
		};
/* End PBXFrameworksBuildPhase section */

/* Begin PBXGroup section */
		030891922A9BE6EA00B09F85 /* AppResourses */ = {
			isa = PBXGroup;
			children = (
				03F9C0362A913437001C28BD /* AppDelegate.swift */,
				03F9C0382A913437001C28BD /* SceneDelegate.swift */,
			);
			path = AppResourses;
			sourceTree = "<group>";
		};
		030891932A9BE70200B09F85 /* Storyboards */ = {
			isa = PBXGroup;
			children = (
				03F9C03C2A913437001C28BD /* Main.storyboard */,
				03F9C0442A913438001C28BD /* LaunchScreen.storyboard */,
			);
			path = Storyboards;
			sourceTree = "<group>";
		};
		030891942A9BE72B00B09F85 /* ViewControllers */ = {
			isa = PBXGroup;
			children = (
				03F9C03A2A913437001C28BD /* ViewController.swift */,
			);
			path = ViewControllers;
			sourceTree = "<group>";
		};
		030891952A9BE73A00B09F85 /* SupportFiles */ = {
			isa = PBXGroup;
			children = (
				030891972A9BE7CF00B09F85 /* Constants.swift */,
				03F9C0422A913438001C28BD /* Assets.xcassets */,
			);
			path = SupportFiles;
			sourceTree = "<group>";
		};
		030891962A9BE74700B09F85 /* DataBase */ = {
			isa = PBXGroup;
			children = (
				03F9C03F2A913437001C28BD /* Book_n_Groove.xcdatamodeld */,
			);
			path = DataBase;
			sourceTree = "<group>";
		};
		030891992A9BE7D500B09F85 /* Extensions */ = {
			isa = PBXGroup;
			children = (
			);
			path = Extensions;
			sourceTree = "<group>";
		};
		03F9C02A2A913437001C28BD = {
			isa = PBXGroup;
			children = (
				03F9C0352A913437001C28BD /* Book'n'Groove */,
				03F9C0342A913437001C28BD /* Products */,
				AEFE1F7602C080FEFF363A8B /* Pods */,
				D6294E3FE5FA0277D99371B8 /* Frameworks */,
			);
			sourceTree = "<group>";
		};
		03F9C0342A913437001C28BD /* Products */ = {
			isa = PBXGroup;
			children = (
				03F9C0332A913437001C28BD /* Book'n'Groove.app */,
			);
			name = Products;
			sourceTree = "<group>";
		};
		03F9C0352A913437001C28BD /* Book'n'Groove */ = {
			isa = PBXGroup;
			children = (
				030891922A9BE6EA00B09F85 /* AppResourses */,
				030891962A9BE74700B09F85 /* DataBase */,
				030891942A9BE72B00B09F85 /* ViewControllers */,
				030891952A9BE73A00B09F85 /* SupportFiles */,
				030891992A9BE7D500B09F85 /* Extensions */,
				030891932A9BE70200B09F85 /* Storyboards */,
				03F9C0472A913438001C28BD /* Info.plist */,
			);
			path = "Book'n'Groove";
			sourceTree = "<group>";
		};
		AEFE1F7602C080FEFF363A8B /* Pods */ = {
			isa = PBXGroup;
			children = (
				0004965CAD4B4390D3476C32 /* Pods-Book'n'Groove.debug.xcconfig */,
				D7424017E98FCC522DBA6816 /* Pods-Book'n'Groove.release.xcconfig */,
			);
			path = Pods;
			sourceTree = "<group>";
		};
		D6294E3FE5FA0277D99371B8 /* Frameworks */ = {
			isa = PBXGroup;
			children = (
				ED957E255D2AB95F80102DA0 /* Pods_Book_n_Groove.framework */,
			);
			name = Frameworks;
			sourceTree = "<group>";
		};
/* End PBXGroup section */

/* Begin PBXNativeTarget section */
		03F9C0322A913437001C28BD /* Book'n'Groove */ = {
			isa = PBXNativeTarget;
			buildConfigurationList = 03F9C04A2A913438001C28BD /* Build configuration list for PBXNativeTarget "Book'n'Groove" */;
			buildPhases = (
				BFA37FECA8FEEA6B254F5726 /* [CP] Check Pods Manifest.lock */,
				03F9C02F2A913437001C28BD /* Sources */,
				03F9C0302A913437001C28BD /* Frameworks */,
				03F9C0312A913437001C28BD /* Resources */,
			);
			buildRules = (
			);
			dependencies = (
			);
			name = "Book'n'Groove";
			productName = "Book'n'Groove";
			productReference = 03F9C0332A913437001C28BD /* Book'n'Groove.app */;
			productType = "com.apple.product-type.application";
		};
/* End PBXNativeTarget section */

/* Begin PBXProject section */
		03F9C02B2A913437001C28BD /* Project object */ = {
			isa = PBXProject;
			attributes = {
				BuildIndependentTargetsInParallel = 1;
				LastSwiftUpdateCheck = 1430;
				LastUpgradeCheck = 1430;
				TargetAttributes = {
					03F9C0322A913437001C28BD = {
						CreatedOnToolsVersion = 14.3.1;
					};
				};
			};
			buildConfigurationList = 03F9C02E2A913437001C28BD /* Build configuration list for PBXProject "Book'n'Groove" */;
			compatibilityVersion = "Xcode 14.0";
			developmentRegion = en;
			hasScannedForEncodings = 0;
			knownRegions = (
				en,
				Base,
			);
			mainGroup = 03F9C02A2A913437001C28BD;
			productRefGroup = 03F9C0342A913437001C28BD /* Products */;
			projectDirPath = "";
			projectRoot = "";
			targets = (
				03F9C0322A913437001C28BD /* Book'n'Groove */,
			);
		};
/* End PBXProject section */

/* Begin PBXResourcesBuildPhase section */
		03F9C0312A913437001C28BD /* Resources */ = {
			isa = PBXResourcesBuildPhase;
			buildActionMask = 2147483647;
			files = (
				03F9C0462A913438001C28BD /* LaunchScreen.storyboard in Resources */,
				03F9C0432A913438001C28BD /* Assets.xcassets in Resources */,
				03F9C03E2A913437001C28BD /* Main.storyboard in Resources */,
			);
			runOnlyForDeploymentPostprocessing = 0;
		};
/* End PBXResourcesBuildPhase section */

/* Begin PBXShellScriptBuildPhase section */
		BFA37FECA8FEEA6B254F5726 /* [CP] Check Pods Manifest.lock */ = {
			isa = PBXShellScriptBuildPhase;
			buildActionMask = 2147483647;
			files = (
			);
			inputFileListPaths = (
			);
			inputPaths = (
				"${PODS_PODFILE_DIR_PATH}/Podfile.lock",
				"${PODS_ROOT}/Manifest.lock",
			);
			name = "[CP] Check Pods Manifest.lock";
			outputFileListPaths = (
			);
			outputPaths = (
				"$(DERIVED_FILE_DIR)/Pods-Book'n'Groove-checkManifestLockResult.txt",
			);
			runOnlyForDeploymentPostprocessing = 0;
			shellPath = /bin/sh;
			shellScript = "diff \"${PODS_PODFILE_DIR_PATH}/Podfile.lock\" \"${PODS_ROOT}/Manifest.lock\" > /dev/null\nif [ $? != 0 ] ; then\n    # print error to STDERR\n    echo \"error: The sandbox is not in sync with the Podfile.lock. Run 'pod install' or update your CocoaPods installation.\" >&2\n    exit 1\nfi\n# This output is used by Xcode 'outputs' to avoid re-running this script phase.\necho \"SUCCESS\" > \"${SCRIPT_OUTPUT_FILE_0}\"\n";
			showEnvVarsInLog = 0;
		};
/* End PBXShellScriptBuildPhase section */

/* Begin PBXSourcesBuildPhase section */
		03F9C02F2A913437001C28BD /* Sources */ = {
			isa = PBXSourcesBuildPhase;
			buildActionMask = 2147483647;
			files = (
				030891982A9BE7CF00B09F85 /* Constants.swift in Sources */,
				03F9C03B2A913437001C28BD /* ViewController.swift in Sources */,
				03F9C0372A913437001C28BD /* AppDelegate.swift in Sources */,
				03F9C0392A913437001C28BD /* SceneDelegate.swift in Sources */,
				03F9C0412A913437001C28BD /* Book_n_Groove.xcdatamodeld in Sources */,
			);
			runOnlyForDeploymentPostprocessing = 0;
		};
/* End PBXSourcesBuildPhase section */

/* Begin PBXVariantGroup section */
		03F9C03C2A913437001C28BD /* Main.storyboard */ = {
			isa = PBXVariantGroup;
			children = (
				03F9C03D2A913437001C28BD /* Base */,
			);
			name = Main.storyboard;
			sourceTree = "<group>";
		};
		03F9C0442A913438001C28BD /* LaunchScreen.storyboard */ = {
			isa = PBXVariantGroup;
			children = (
				03F9C0452A913438001C28BD /* Base */,
			);
			name = LaunchScreen.storyboard;
			sourceTree = "<group>";
		};
/* End PBXVariantGroup section */

/* Begin XCBuildConfiguration section */
		03F9C0482A913438001C28BD /* Debug */ = {
			isa = XCBuildConfiguration;
			buildSettings = {
				ALWAYS_SEARCH_USER_PATHS = NO;
				CLANG_ANALYZER_NONNULL = YES;
				CLANG_ANALYZER_NUMBER_OBJECT_CONVERSION = YES_AGGRESSIVE;
				CLANG_CXX_LANGUAGE_STANDARD = "gnu++20";
				CLANG_ENABLE_MODULES = YES;
				CLANG_ENABLE_OBJC_ARC = YES;
				CLANG_ENABLE_OBJC_WEAK = YES;
				CLANG_WARN_BLOCK_CAPTURE_AUTORELEASING = YES;
				CLANG_WARN_BOOL_CONVERSION = YES;
				CLANG_WARN_COMMA = YES;
				CLANG_WARN_CONSTANT_CONVERSION = YES;
				CLANG_WARN_DEPRECATED_OBJC_IMPLEMENTATIONS = YES;
				CLANG_WARN_DIRECT_OBJC_ISA_USAGE = YES_ERROR;
				CLANG_WARN_DOCUMENTATION_COMMENTS = YES;
				CLANG_WARN_EMPTY_BODY = YES;
				CLANG_WARN_ENUM_CONVERSION = YES;
				CLANG_WARN_INFINITE_RECURSION = YES;
				CLANG_WARN_INT_CONVERSION = YES;
				CLANG_WARN_NON_LITERAL_NULL_CONVERSION = YES;
				CLANG_WARN_OBJC_IMPLICIT_RETAIN_SELF = YES;
				CLANG_WARN_OBJC_LITERAL_CONVERSION = YES;
				CLANG_WARN_OBJC_ROOT_CLASS = YES_ERROR;
				CLANG_WARN_QUOTED_INCLUDE_IN_FRAMEWORK_HEADER = YES;
				CLANG_WARN_RANGE_LOOP_ANALYSIS = YES;
				CLANG_WARN_STRICT_PROTOTYPES = YES;
				CLANG_WARN_SUSPICIOUS_MOVE = YES;
				CLANG_WARN_UNGUARDED_AVAILABILITY = YES_AGGRESSIVE;
				CLANG_WARN_UNREACHABLE_CODE = YES;
				CLANG_WARN__DUPLICATE_METHOD_MATCH = YES;
				COPY_PHASE_STRIP = NO;
				DEBUG_INFORMATION_FORMAT = dwarf;
				ENABLE_STRICT_OBJC_MSGSEND = YES;
				ENABLE_TESTABILITY = YES;
				GCC_C_LANGUAGE_STANDARD = gnu11;
				GCC_DYNAMIC_NO_PIC = NO;
				GCC_NO_COMMON_BLOCKS = YES;
				GCC_OPTIMIZATION_LEVEL = 0;
				GCC_PREPROCESSOR_DEFINITIONS = (
					"DEBUG=1",
					"$(inherited)",
				);
				GCC_WARN_64_TO_32_BIT_CONVERSION = YES;
				GCC_WARN_ABOUT_RETURN_TYPE = YES_ERROR;
				GCC_WARN_UNDECLARED_SELECTOR = YES;
				GCC_WARN_UNINITIALIZED_AUTOS = YES_AGGRESSIVE;
				GCC_WARN_UNUSED_FUNCTION = YES;
				GCC_WARN_UNUSED_VARIABLE = YES;
				IPHONEOS_DEPLOYMENT_TARGET = 16.4;
				MTL_ENABLE_DEBUG_INFO = INCLUDE_SOURCE;
				MTL_FAST_MATH = YES;
				ONLY_ACTIVE_ARCH = YES;
				SDKROOT = iphoneos;
				SWIFT_ACTIVE_COMPILATION_CONDITIONS = DEBUG;
				SWIFT_OPTIMIZATION_LEVEL = "-Onone";
			};
			name = Debug;
		};
		03F9C0492A913438001C28BD /* Release */ = {
			isa = XCBuildConfiguration;
			buildSettings = {
				ALWAYS_SEARCH_USER_PATHS = NO;
				CLANG_ANALYZER_NONNULL = YES;
				CLANG_ANALYZER_NUMBER_OBJECT_CONVERSION = YES_AGGRESSIVE;
				CLANG_CXX_LANGUAGE_STANDARD = "gnu++20";
				CLANG_ENABLE_MODULES = YES;
				CLANG_ENABLE_OBJC_ARC = YES;
				CLANG_ENABLE_OBJC_WEAK = YES;
				CLANG_WARN_BLOCK_CAPTURE_AUTORELEASING = YES;
				CLANG_WARN_BOOL_CONVERSION = YES;
				CLANG_WARN_COMMA = YES;
				CLANG_WARN_CONSTANT_CONVERSION = YES;
				CLANG_WARN_DEPRECATED_OBJC_IMPLEMENTATIONS = YES;
				CLANG_WARN_DIRECT_OBJC_ISA_USAGE = YES_ERROR;
				CLANG_WARN_DOCUMENTATION_COMMENTS = YES;
				CLANG_WARN_EMPTY_BODY = YES;
				CLANG_WARN_ENUM_CONVERSION = YES;
				CLANG_WARN_INFINITE_RECURSION = YES;
				CLANG_WARN_INT_CONVERSION = YES;
				CLANG_WARN_NON_LITERAL_NULL_CONVERSION = YES;
				CLANG_WARN_OBJC_IMPLICIT_RETAIN_SELF = YES;
				CLANG_WARN_OBJC_LITERAL_CONVERSION = YES;
				CLANG_WARN_OBJC_ROOT_CLASS = YES_ERROR;
				CLANG_WARN_QUOTED_INCLUDE_IN_FRAMEWORK_HEADER = YES;
				CLANG_WARN_RANGE_LOOP_ANALYSIS = YES;
				CLANG_WARN_STRICT_PROTOTYPES = YES;
				CLANG_WARN_SUSPICIOUS_MOVE = YES;
				CLANG_WARN_UNGUARDED_AVAILABILITY = YES_AGGRESSIVE;
				CLANG_WARN_UNREACHABLE_CODE = YES;
				CLANG_WARN__DUPLICATE_METHOD_MATCH = YES;
				COPY_PHASE_STRIP = NO;
				DEBUG_INFORMATION_FORMAT = "dwarf-with-dsym";
				ENABLE_NS_ASSERTIONS = NO;
				ENABLE_STRICT_OBJC_MSGSEND = YES;
				GCC_C_LANGUAGE_STANDARD = gnu11;
				GCC_NO_COMMON_BLOCKS = YES;
				GCC_WARN_64_TO_32_BIT_CONVERSION = YES;
				GCC_WARN_ABOUT_RETURN_TYPE = YES_ERROR;
				GCC_WARN_UNDECLARED_SELECTOR = YES;
				GCC_WARN_UNINITIALIZED_AUTOS = YES_AGGRESSIVE;
				GCC_WARN_UNUSED_FUNCTION = YES;
				GCC_WARN_UNUSED_VARIABLE = YES;
				IPHONEOS_DEPLOYMENT_TARGET = 16.4;
				MTL_ENABLE_DEBUG_INFO = NO;
				MTL_FAST_MATH = YES;
				SDKROOT = iphoneos;
				SWIFT_COMPILATION_MODE = wholemodule;
				SWIFT_OPTIMIZATION_LEVEL = "-O";
				VALIDATE_PRODUCT = YES;
			};
			name = Release;
		};
		03F9C04B2A913438001C28BD /* Debug */ = {
			isa = XCBuildConfiguration;
			baseConfigurationReference = 0004965CAD4B4390D3476C32 /* Pods-Book'n'Groove.debug.xcconfig */;
			buildSettings = {
				ASSETCATALOG_COMPILER_APPICON_NAME = AppIcon;
				ASSETCATALOG_COMPILER_GLOBAL_ACCENT_COLOR_NAME = AccentColor;
				CODE_SIGN_STYLE = Automatic;
				CURRENT_PROJECT_VERSION = 1;
				DEVELOPMENT_TEAM = 5G3L9PJKC3;
				GENERATE_INFOPLIST_FILE = YES;
				INFOPLIST_FILE = "Book'n'Groove/Info.plist";
				INFOPLIST_KEY_LSApplicationCategoryType = "public.app-category.music";
				INFOPLIST_KEY_UIApplicationSupportsIndirectInputEvents = YES;
				INFOPLIST_KEY_UILaunchStoryboardName = LaunchScreen;
				INFOPLIST_KEY_UIMainStoryboardFile = Main;
				INFOPLIST_KEY_UISupportedInterfaceOrientations_iPad = "UIInterfaceOrientationPortrait UIInterfaceOrientationPortraitUpsideDown UIInterfaceOrientationLandscapeLeft UIInterfaceOrientationLandscapeRight";
				INFOPLIST_KEY_UISupportedInterfaceOrientations_iPhone = "UIInterfaceOrientationPortrait UIInterfaceOrientationLandscapeLeft UIInterfaceOrientationLandscapeRight";
				IPHONEOS_DEPLOYMENT_TARGET = 16.0;
				LD_RUNPATH_SEARCH_PATHS = (
					"$(inherited)",
					"@executable_path/Frameworks",
				);
				MARKETING_VERSION = 1.0;
				PRODUCT_BUNDLE_IDENTIFIER = "sashabravos.Book-n-Groove";
				PRODUCT_NAME = "$(TARGET_NAME)";
				SUPPORTED_PLATFORMS = "iphoneos iphonesimulator";
				SUPPORTS_MACCATALYST = NO;
				SUPPORTS_MAC_DESIGNED_FOR_IPHONE_IPAD = NO;
				SWIFT_EMIT_LOC_STRINGS = YES;
				SWIFT_VERSION = 5.0;
				TARGETED_DEVICE_FAMILY = 1;
			};
			name = Debug;
		};
		03F9C04C2A913438001C28BD /* Release */ = {
			isa = XCBuildConfiguration;
			baseConfigurationReference = D7424017E98FCC522DBA6816 /* Pods-Book'n'Groove.release.xcconfig */;
			buildSettings = {
				ASSETCATALOG_COMPILER_APPICON_NAME = AppIcon;
				ASSETCATALOG_COMPILER_GLOBAL_ACCENT_COLOR_NAME = AccentColor;
				CODE_SIGN_STYLE = Automatic;
				CURRENT_PROJECT_VERSION = 1;
				DEVELOPMENT_TEAM = 5G3L9PJKC3;
				GENERATE_INFOPLIST_FILE = YES;
				INFOPLIST_FILE = "Book'n'Groove/Info.plist";
				INFOPLIST_KEY_LSApplicationCategoryType = "public.app-category.music";
				INFOPLIST_KEY_UIApplicationSupportsIndirectInputEvents = YES;
				INFOPLIST_KEY_UILaunchStoryboardName = LaunchScreen;
				INFOPLIST_KEY_UIMainStoryboardFile = Main;
				INFOPLIST_KEY_UISupportedInterfaceOrientations_iPad = "UIInterfaceOrientationPortrait UIInterfaceOrientationPortraitUpsideDown UIInterfaceOrientationLandscapeLeft UIInterfaceOrientationLandscapeRight";
				INFOPLIST_KEY_UISupportedInterfaceOrientations_iPhone = "UIInterfaceOrientationPortrait UIInterfaceOrientationLandscapeLeft UIInterfaceOrientationLandscapeRight";
				IPHONEOS_DEPLOYMENT_TARGET = 16.0;
				LD_RUNPATH_SEARCH_PATHS = (
					"$(inherited)",
					"@executable_path/Frameworks",
				);
				MARKETING_VERSION = 1.0;
				PRODUCT_BUNDLE_IDENTIFIER = "sashabravos.Book-n-Groove";
				PRODUCT_NAME = "$(TARGET_NAME)";
				SUPPORTED_PLATFORMS = "iphoneos iphonesimulator";
				SUPPORTS_MACCATALYST = NO;
				SUPPORTS_MAC_DESIGNED_FOR_IPHONE_IPAD = NO;
				SWIFT_EMIT_LOC_STRINGS = YES;
				SWIFT_VERSION = 5.0;
				TARGETED_DEVICE_FAMILY = 1;
			};
			name = Release;
		};
/* End XCBuildConfiguration section */

/* Begin XCConfigurationList section */
		03F9C02E2A913437001C28BD /* Build configuration list for PBXProject "Book'n'Groove" */ = {
			isa = XCConfigurationList;
			buildConfigurations = (
				03F9C0482A913438001C28BD /* Debug */,
				03F9C0492A913438001C28BD /* Release */,
			);
			defaultConfigurationIsVisible = 0;
			defaultConfigurationName = Release;
		};
		03F9C04A2A913438001C28BD /* Build configuration list for PBXNativeTarget "Book'n'Groove" */ = {
			isa = XCConfigurationList;
			buildConfigurations = (
				03F9C04B2A913438001C28BD /* Debug */,
				03F9C04C2A913438001C28BD /* Release */,
			);
			defaultConfigurationIsVisible = 0;
			defaultConfigurationName = Release;
		};
/* End XCConfigurationList section */

/* Begin XCVersionGroup section */
		03F9C03F2A913437001C28BD /* Book_n_Groove.xcdatamodeld */ = {
			isa = XCVersionGroup;
			children = (
				03F9C0402A913437001C28BD /* Book_n_Groove.xcdatamodel */,
			);
			currentVersion = 03F9C0402A913437001C28BD /* Book_n_Groove.xcdatamodel */;
			path = Book_n_Groove.xcdatamodeld;
			sourceTree = "<group>";
			versionGroupType = wrapper.xcdatamodel;
		};
/* End XCVersionGroup section */
	};
	rootObject = 03F9C02B2A913437001C28BD /* Project object */;
}
